
Microsoft Visual Studio Solution File, Format Version 12.00
# Visual Studio Version 16
VisualStudioVersion = 16.0.31112.23
MinimumVisualStudioVersion = 10.0.40219.1
Project("{FAE04EC0-301F-11D3-BF4B-00C04F79EFBC}") = "BethanysPieShopHR", "BethanysPieShopHR\BethanysPieShopHR.csproj", "{4C20C0C0-569D-44A7-ADB4-A4343640481E}"
EndProject
Global
	GlobalSection(SolutionConfigurationPlatforms) = preSolution
		Debug|Any CPU = Debug|Any CPU
		Release|Any CPU = Release|Any CPU
	EndGlobalSection
	GlobalSection(ProjectConfigurationPlatforms) = postSolution
		{4C20C0C0-569D-44A7-ADB4-A4343640481E}.Debug|Any CPU.ActiveCfg = Debug|Any CPU
		{4C20C0C0-569D-44A7-ADB4-A4343640481E}.Debug|Any CPU.Build.0 = Debug|Any CPU
		{4C20C0C0-569D-44A7-ADB4-A4343640481E}.Release|Any CPU.ActiveCfg = Release|Any CPU
		{4C20C0C0-569D-44A7-ADB4-A4343640481E}.Release|Any CPU.Build.0 = Release|Any CPU
	EndGlobalSection
	GlobalSection(SolutionProperties) = preSolution
		HideSolutionNode = FALSE
	EndGlobalSection
	GlobalSection(ExtensibilityGlobals) = postSolution
		SolutionGuid = {13E844F5-25AD-43B8-BFC4-1042CCD31015}
	EndGlobalSection
EndGlobal
